
Microsoft Visual Studio Solution File, Format Version 12.00
# Visual Studio Version 16
VisualStudioVersion = 16.0.31613.86
MinimumVisualStudioVersion = 10.0.40219.1
Project("{FAE04EC0-301F-11D3-BF4B-00C04F79EFBC}") = "FacaiboBETA.UWP", "FacaiboBETA\FacaiboBETA.UWP\FacaiboBETA.UWP.csproj", "{35F5CA75-D21C-448F-BBA4-0AFAC608DD74}"
EndProject
Project("{FAE04EC0-301F-11D3-BF4B-00C04F79EFBC}") = "FacaiboBETA.Android", "FacaiboBETA\FacaiboBETA.Android\FacaiboBETA.Android.csproj", "{B480FA33-17B4-49F0-BC68-41F6AC2C5583}"
EndProject
Project("{FAE04EC0-301F-11D3-BF4B-00C04F79EFBC}") = "FacaiboBETA.iOS", "FacaiboBETA\FacaiboBETA.iOS\FacaiboBETA.iOS.csproj", "{E51454C0-CC18-4DF0-8AA6-D67D65A165E2}"
EndProject
Project("{FAE04EC0-301F-11D3-BF4B-00C04F79EFBC}") = "FacaiboBETA", "FacaiboBETA\FacaiboBETA\FacaiboBETA.csproj", "{563D5F9F-8432-4A2B-B517-17EC108D7670}"
EndProject
Global
	GlobalSection(SolutionConfigurationPlatforms) = preSolution
		Debug|Any CPU = Debug|Any CPU
		Debug|ARM = Debug|ARM
		Debug|iPhone = Debug|iPhone
		Debug|iPhoneSimulator = Debug|iPhoneSimulator
		Debug|x64 = Debug|x64
		Debug|x86 = Debug|x86
		Release|Any CPU = Release|Any CPU
		Release|ARM = Release|ARM
		Release|iPhone = Release|iPhone
		Release|iPhoneSimulator = Release|iPhoneSimulator
		Release|x64 = Release|x64
		Release|x86 = Release|x86
	EndGlobalSection
	GlobalSection(ProjectConfigurationPlatforms) = postSolution
		{35F5CA75-D21C-448F-BBA4-0AFAC608DD74}.Debug|Any CPU.ActiveCfg = Debug|x86
		{35F5CA75-D21C-448F-BBA4-0AFAC608DD74}.Debug|Any CPU.Build.0 = Debug|x86
		{35F5CA75-D21C-448F-BBA4-0AFAC608DD74}.Debug|Any CPU.Deploy.0 = Debug|x86
		{35F5CA75-D21C-448F-BBA4-0AFAC608DD74}.Debug|ARM.ActiveCfg = Debug|ARM
		{35F5CA75-D21C-448F-BBA4-0AFAC608DD74}.Debug|ARM.Build.0 = Debug|ARM
		{35F5CA75-D21C-448F-BBA4-0AFAC608DD74}.Debug|ARM.Deploy.0 = Debug|ARM
		{35F5CA75-D21C-448F-BBA4-0AFAC608DD74}.Debug|iPhone.ActiveCfg = Debug|x86
		{35F5CA75-D21C-448F-BBA4-0AFAC608DD74}.Debug|iPhone.Build.0 = Debug|x86
		{35F5CA75-D21C-448F-BBA4-0AFAC608DD74}.Debug|iPhone.Deploy.0 = Debug|x86
		{35F5CA75-D21C-448F-BBA4-0AFAC608DD74}.Debug|iPhoneSimulator.ActiveCfg = Debug|x86
		{35F5CA75-D21C-448F-BBA4-0AFAC608DD74}.Debug|iPhoneSimulator.Build.0 = Debug|x86
		{35F5CA75-D21C-448F-BBA4-0AFAC608DD74}.Debug|iPhoneSimulator.Deploy.0 = Debug|x86
		{35F5CA75-D21C-448F-BBA4-0AFAC608DD74}.Debug|x64.ActiveCfg = Debug|x64
		{35F5CA75-D21C-448F-BBA4-0AFAC608DD74}.Debug|x64.Build.0 = Debug|x64
		{35F5CA75-D21C-448F-BBA4-0AFAC608DD74}.Debug|x64.Deploy.0 = Debug|x64
		{35F5CA75-D21C-448F-BBA4-0AFAC608DD74}.Debug|x86.ActiveCfg = Debug|x86
		{35F5CA75-D21C-448F-BBA4-0AFAC608DD74}.Debug|x86.Build.0 = Debug|x86
		{35F5CA75-D21C-448F-BBA4-0AFAC608DD74}.Debug|x86.Deploy.0 = Debug|x86
		{35F5CA75-D21C-448F-BBA4-0AFAC608DD74}.Release|Any CPU.ActiveCfg = Release|x86
		{35F5CA75-D21C-448F-BBA4-0AFAC608DD74}.Release|Any CPU.Build.0 = Release|x86
		{35F5CA75-D21C-448F-BBA4-0AFAC608DD74}.Release|Any CPU.Deploy.0 = Release|x86
		{35F5CA75-D21C-448F-BBA4-0AFAC608DD74}.Release|ARM.ActiveCfg = Release|ARM
		{35F5CA75-D21C-448F-BBA4-0AFAC608DD74}.Release|ARM.Build.0 = Release|ARM
		{35F5CA75-D21C-448F-BBA4-0AFAC608DD74}.Release|ARM.Deploy.0 = Release|ARM
		{35F5CA75-D21C-448F-BBA4-0AFAC608DD74}.Release|iPhone.ActiveCfg = Release|x86
		{35F5CA75-D21C-448F-BBA4-0AFAC608DD74}.Release|iPhone.Build.0 = Release|x86
		{35F5CA75-D21C-448F-BBA4-0AFAC608DD74}.Release|iPhone.Deploy.0 = Release|x86
		{35F5CA75-D21C-448F-BBA4-0AFAC608DD74}.Release|iPhoneSimulator.ActiveCfg = Release|x86
		{35F5CA75-D21C-448F-BBA4-0AFAC608DD74}.Release|iPhoneSimulator.Build.0 = Release|x86
		{35F5CA75-D21C-448F-BBA4-0AFAC608DD74}.Release|iPhoneSimulator.Deploy.0 = Release|x86
		{35F5CA75-D21C-448F-BBA4-0AFAC608DD74}.Release|x64.ActiveCfg = Release|x64
		{35F5CA75-D21C-448F-BBA4-0AFAC608DD74}.Release|x64.Build.0 = Release|x64
		{35F5CA75-D21C-448F-BBA4-0AFAC608DD74}.Release|x64.Deploy.0 = Release|x64
		{35F5CA75-D21C-448F-BBA4-0AFAC608DD74}.Release|x86.ActiveCfg = Release|x86
		{35F5CA75-D21C-448F-BBA4-0AFAC608DD74}.Release|x86.Build.0 = Release|x86
		{35F5CA75-D21C-448F-BBA4-0AFAC608DD74}.Release|x86.Deploy.0 = Release|x86
		{B480FA33-17B4-49F0-BC68-41F6AC2C5583}.Debug|Any CPU.ActiveCfg = Debug|Any CPU
		{B480FA33-17B4-49F0-BC68-41F6AC2C5583}.Debug|Any CPU.Build.0 = Debug|Any CPU
		{B480FA33-17B4-49F0-BC68-41F6AC2C5583}.Debug|Any CPU.Deploy.0 = Debug|Any CPU
		{B480FA33-17B4-49F0-BC68-41F6AC2C5583}.Debug|ARM.ActiveCfg = Debug|Any CPU
		{B480FA33-17B4-49F0-BC68-41F6AC2C5583}.Debug|ARM.Build.0 = Debug|Any CPU
		{B480FA33-17B4-49F0-BC68-41F6AC2C5583}.Debug|ARM.Deploy.0 = Debug|Any CPU
		{B480FA33-17B4-49F0-BC68-41F6AC2C5583}.Debug|iPhone.ActiveCfg = Debug|Any CPU
		{B480FA33-17B4-49F0-BC68-41F6AC2C5583}.Debug|iPhone.Build.0 = Debug|Any CPU
		{B480FA33-17B4-49F0-BC68-41F6AC2C5583}.Debug|iPhone.Deploy.0 = Debug|Any CPU
		{B480FA33-17B4-49F0-BC68-41F6AC2C5583}.Debug|iPhoneSimulator.ActiveCfg = Debug|Any CPU
		{B480FA33-17B4-49F0-BC68-41F6AC2C5583}.Debug|iPhoneSimulator.Build.0 = Debug|Any CPU
		{B480FA33-17B4-49F0-BC68-41F6AC2C5583}.Debug|iPhoneSimulator.Deploy.0 = Debug|Any CPU
		{B480FA33-17B4-49F0-BC68-41F6AC2C5583}.Debug|x64.ActiveCfg = Debug|Any CPU
		{B480FA33-17B4-49F0-BC68-41F6AC2C5583}.Debug|x64.Build.0 = Debug|Any CPU
		{B480FA33-17B4-49F0-BC68-41F6AC2C5583}.Debug|x64.Deploy.0 = Debug|Any CPU
		{B480FA33-17B4-49F0-BC68-41F6AC2C5583}.Debug|x86.ActiveCfg = Debug|Any CPU
		{B480FA33-17B4-49F0-BC68-41F6AC2C5583}.Debug|x86.Build.0 = Debug|Any CPU
		{B480FA33-17B4-49F0-BC68-41F6AC2C5583}.Debug|x86.Deploy.0 = Debug|Any CPU
		{B480FA33-17B4-49F0-BC68-41F6AC2C5583}.Release|Any CPU.ActiveCfg = Release|Any CPU
		{B480FA33-17B4-49F0-BC68-41F6AC2C5583}.Release|Any CPU.Build.0 = Release|Any CPU
		{B480FA33-17B4-49F0-BC68-41F6AC2C5583}.Release|Any CPU.Deploy.0 = Release|Any CPU
		{B480FA33-17B4-49F0-BC68-41F6AC2C5583}.Release|ARM.ActiveCfg = Release|Any CPU
		{B480FA33-17B4-49F0-BC68-41F6AC2C5583}.Release|ARM.Build.0 = Release|Any CPU
		{B480FA33-17B4-49F0-BC68-41F6AC2C5583}.Release|ARM.Deploy.0 = Release|Any CPU
		{B480FA33-17B4-49F0-BC68-41F6AC2C5583}.Release|iPhone.ActiveCfg = Release|Any CPU
		{B480FA33-17B4-49F0-BC68-41F6AC2C5583}.Release|iPhone.Build.0 = Release|Any CPU
		{B480FA33-17B4-49F0-BC68-41F6AC2C5583}.Release|iPhone.Deploy.0 = Release|Any CPU
		{B480FA33-17B4-49F0-BC68-41F6AC2C5583}.Release|iPhoneSimulator.ActiveCfg = Release|Any CPU
		{B480FA33-17B4-49F0-BC68-41F6AC2C5583}.Release|iPhoneSimulator.Build.0 = Release|Any CPU
		{B480FA33-17B4-49F0-BC68-41F6AC2C5583}.Release|iPhoneSimulator.Deploy.0 = Release|Any CPU
		{B480FA33-17B4-49F0-BC68-41F6AC2C5583}.Release|x64.ActiveCfg = Release|Any CPU
		{B480FA33-17B4-49F0-BC68-41F6AC2C5583}.Release|x64.Build.0 = Release|Any CPU
		{B480FA33-17B4-49F0-BC68-41F6AC2C5583}.Release|x64.Deploy.0 = Release|Any CPU
		{B480FA33-17B4-49F0-BC68-41F6AC2C5583}.Release|x86.ActiveCfg = Release|Any CPU
		{B480FA33-17B4-49F0-BC68-41F6AC2C5583}.Release|x86.Build.0 = Release|Any CPU
		{B480FA33-17B4-49F0-BC68-41F6AC2C5583}.Release|x86.Deploy.0 = Release|Any CPU
		{E51454C0-CC18-4DF0-8AA6-D67D65A165E2}.Debug|Any CPU.ActiveCfg = Debug|iPhoneSimulator
		{E51454C0-CC18-4DF0-8AA6-D67D65A165E2}.Debug|Any CPU.Build.0 = Debug|iPhoneSimulator
		{E51454C0-CC18-4DF0-8AA6-D67D65A165E2}.Debug|Any CPU.Deploy.0 = Debug|iPhoneSimulator
		{E51454C0-CC18-4DF0-8AA6-D67D65A165E2}.Debug|ARM.ActiveCfg = Debug|iPhone
		{E51454C0-CC18-4DF0-8AA6-D67D65A165E2}.Debug|ARM.Build.0 = Debug|iPhone
		{E51454C0-CC18-4DF0-8AA6-D67D65A165E2}.Debug|ARM.Deploy.0 = Debug|iPhone
		{E51454C0-CC18-4DF0-8AA6-D67D65A165E2}.Debug|iPhone.ActiveCfg = Debug|iPhone
		{E51454C0-CC18-4DF0-8AA6-D67D65A165E2}.Debug|iPhone.Build.0 = Debug|iPhone
		{E51454C0-CC18-4DF0-8AA6-D67D65A165E2}.Debug|iPhone.Deploy.0 = Debug|iPhone
		{E51454C0-CC18-4DF0-8AA6-D67D65A165E2}.Debug|iPhoneSimulator.ActiveCfg = Debug|iPhoneSimulator
		{E51454C0-CC18-4DF0-8AA6-D67D65A165E2}.Debug|iPhoneSimulator.Build.0 = Debug|iPhoneSimulator
		{E51454C0-CC18-4DF0-8AA6-D67D65A165E2}.Debug|iPhoneSimulator.Deploy.0 = Debug|iPhoneSimulator
		{E51454C0-CC18-4DF0-8AA6-D67D65A165E2}.Debug|x64.ActiveCfg = Debug|iPhoneSimulator
		{E51454C0-CC18-4DF0-8AA6-D67D65A165E2}.Debug|x64.Build.0 = Debug|iPhoneSimulator
		{E51454C0-CC18-4DF0-8AA6-D67D65A165E2}.Debug|x64.Deploy.0 = Debug|iPhoneSimulator
		{E51454C0-CC18-4DF0-8AA6-D67D65A165E2}.Debug|x86.ActiveCfg = Debug|iPhoneSimulator
		{E51454C0-CC18-4DF0-8AA6-D67D65A165E2}.Debug|x86.Build.0 = Debug|iPhoneSimulator
		{E51454C0-CC18-4DF0-8AA6-D67D65A165E2}.Debug|x86.Deploy.0 = Debug|iPhoneSimulator
		{E51454C0-CC18-4DF0-8AA6-D67D65A165E2}.Release|Any CPU.ActiveCfg = Release|iPhoneSimulator
		{E51454C0-CC18-4DF0-8AA6-D67D65A165E2}.Release|Any CPU.Build.0 = Release|iPhoneSimulator
		{E51454C0-CC18-4DF0-8AA6-D67D65A165E2}.Release|Any CPU.Deploy.0 = Release|iPhoneSimulator
		{E51454C0-CC18-4DF0-8AA6-D67D65A165E2}.Release|ARM.ActiveCfg = Release|iPhoneSimulator
		{E51454C0-CC18-4DF0-8AA6-D67D65A165E2}.Release|ARM.Build.0 = Release|iPhoneSimulator
		{E51454C0-CC18-4DF0-8AA6-D67D65A165E2}.Release|ARM.Deploy.0 = Release|iPhoneSimulator
		{E51454C0-CC18-4DF0-8AA6-D67D65A165E2}.Release|iPhone.ActiveCfg = Release|iPhone
		{E51454C0-CC18-4DF0-8AA6-D67D65A165E2}.Release|iPhone.Build.0 = Release|iPhone
		{E51454C0-CC18-4DF0-8AA6-D67D65A165E2}.Release|iPhone.Deploy.0 = Release|iPhone
		{E51454C0-CC18-4DF0-8AA6-D67D65A165E2}.Release|iPhoneSimulator.ActiveCfg = Release|iPhoneSimulator
		{E51454C0-CC18-4DF0-8AA6-D67D65A165E2}.Release|iPhoneSimulator.Build.0 = Release|iPhoneSimulator
		{E51454C0-CC18-4DF0-8AA6-D67D65A165E2}.Release|iPhoneSimulator.Deploy.0 = Release|iPhoneSimulator
		{E51454C0-CC18-4DF0-8AA6-D67D65A165E2}.Release|x64.ActiveCfg = Release|iPhoneSimulator
		{E51454C0-CC18-4DF0-8AA6-D67D65A165E2}.Release|x64.Build.0 = Release|iPhoneSimulator
		{E51454C0-CC18-4DF0-8AA6-D67D65A165E2}.Release|x64.Deploy.0 = Release|iPhoneSimulator
		{E51454C0-CC18-4DF0-8AA6-D67D65A165E2}.Release|x86.ActiveCfg = Release|iPhoneSimulator
		{E51454C0-CC18-4DF0-8AA6-D67D65A165E2}.Release|x86.Build.0 = Release|iPhoneSimulator
		{E51454C0-CC18-4DF0-8AA6-D67D65A165E2}.Release|x86.Deploy.0 = Release|iPhoneSimulator
		{563D5F9F-8432-4A2B-B517-17EC108D7670}.Debug|Any CPU.ActiveCfg = Debug|Any CPU
		{563D5F9F-8432-4A2B-B517-17EC108D7670}.Debug|Any CPU.Build.0 = Debug|Any CPU
		{563D5F9F-8432-4A2B-B517-17EC108D7670}.Debug|Any CPU.Deploy.0 = Debug|Any CPU
		{563D5F9F-8432-4A2B-B517-17EC108D7670}.Debug|ARM.ActiveCfg = Debug|Any CPU
		{563D5F9F-8432-4A2B-B517-17EC108D7670}.Debug|ARM.Build.0 = Debug|Any CPU
		{563D5F9F-8432-4A2B-B517-17EC108D7670}.Debug|ARM.Deploy.0 = Debug|Any CPU
		{563D5F9F-8432-4A2B-B517-17EC108D7670}.Debug|iPhone.ActiveCfg = Debug|Any CPU
		{563D5F9F-8432-4A2B-B517-17EC108D7670}.Debug|iPhone.Build.0 = Debug|Any CPU
		{563D5F9F-8432-4A2B-B517-17EC108D7670}.Debug|iPhone.Deploy.0 = Debug|Any CPU
		{563D5F9F-8432-4A2B-B517-17EC108D7670}.Debug|iPhoneSimulator.ActiveCfg = Debug|Any CPU
		{563D5F9F-8432-4A2B-B517-17EC108D7670}.Debug|iPhoneSimulator.Build.0 = Debug|Any CPU
		{563D5F9F-8432-4A2B-B517-17EC108D7670}.Debug|iPhoneSimulator.Deploy.0 = Debug|Any CPU
		{563D5F9F-8432-4A2B-B517-17EC108D7670}.Debug|x64.ActiveCfg = Debug|Any CPU
		{563D5F9F-8432-4A2B-B517-17EC108D7670}.Debug|x64.Build.0 = Debug|Any CPU
		{563D5F9F-8432-4A2B-B517-17EC108D7670}.Debug|x64.Deploy.0 = Debug|Any CPU
		{563D5F9F-8432-4A2B-B517-17EC108D7670}.Debug|x86.ActiveCfg = Debug|Any CPU
		{563D5F9F-8432-4A2B-B517-17EC108D7670}.Debug|x86.Build.0 = Debug|Any CPU
		{563D5F9F-8432-4A2B-B517-17EC108D7670}.Debug|x86.Deploy.0 = Debug|Any CPU
		{563D5F9F-8432-4A2B-B517-17EC108D7670}.Release|Any CPU.ActiveCfg = Release|Any CPU
		{563D5F9F-8432-4A2B-B517-17EC108D7670}.Release|Any CPU.Build.0 = Release|Any CPU
		{563D5F9F-8432-4A2B-B517-17EC108D7670}.Release|Any CPU.Deploy.0 = Release|Any CPU
		{563D5F9F-8432-4A2B-B517-17EC108D7670}.Release|ARM.ActiveCfg = Release|Any CPU
		{563D5F9F-8432-4A2B-B517-17EC108D7670}.Release|ARM.Build.0 = Release|Any CPU
		{563D5F9F-8432-4A2B-B517-17EC108D7670}.Release|ARM.Deploy.0 = Release|Any CPU
		{563D5F9F-8432-4A2B-B517-17EC108D7670}.Release|iPhone.ActiveCfg = Release|Any CPU
		{563D5F9F-8432-4A2B-B517-17EC108D7670}.Release|iPhone.Build.0 = Release|Any CPU
		{563D5F9F-8432-4A2B-B517-17EC108D7670}.Release|iPhone.Deploy.0 = Release|Any CPU
		{563D5F9F-8432-4A2B-B517-17EC108D7670}.Release|iPhoneSimulator.ActiveCfg = Release|Any CPU
		{563D5F9F-8432-4A2B-B517-17EC108D7670}.Release|iPhoneSimulator.Build.0 = Release|Any CPU
		{563D5F9F-8432-4A2B-B517-17EC108D7670}.Release|iPhoneSimulator.Deploy.0 = Release|Any CPU
		{563D5F9F-8432-4A2B-B517-17EC108D7670}.Release|x64.ActiveCfg = Release|Any CPU
		{563D5F9F-8432-4A2B-B517-17EC108D7670}.Release|x64.Build.0 = Release|Any CPU
		{563D5F9F-8432-4A2B-B517-17EC108D7670}.Release|x64.Deploy.0 = Release|Any CPU
		{563D5F9F-8432-4A2B-B517-17EC108D7670}.Release|x86.ActiveCfg = Release|Any CPU
		{563D5F9F-8432-4A2B-B517-17EC108D7670}.Release|x86.Build.0 = Release|Any CPU
		{563D5F9F-8432-4A2B-B517-17EC108D7670}.Release|x86.Deploy.0 = Release|Any CPU
	EndGlobalSection
	GlobalSection(SolutionProperties) = preSolution
		HideSolutionNode = FALSE
	EndGlobalSection
	GlobalSection(ExtensibilityGlobals) = postSolution
		SolutionGuid = {1560D9D9-3224-4D71-85BC-88E3E56BE87F}
	EndGlobalSection
EndGlobal
